
Microsoft Visual Studio Solution File, Format Version 12.00
# Visual Studio Version 16
VisualStudioVersion = 16.0.31005.135
MinimumVisualStudioVersion = 10.0.40219.1
Project("{FAE04EC0-301F-11D3-BF4B-00C04F79EFBC}") = "PipeliningSimulation", "PipeliningSimulation\PipeliningSimulation.csproj", "{99E4FE6C-72B5-4D86-9AC5-17E39B240D65}"
EndProject
Global
	GlobalSection(SolutionConfigurationPlatforms) = preSolution
		Debug|Any CPU = Debug|Any CPU
		Release|Any CPU = Release|Any CPU
	EndGlobalSection
	GlobalSection(ProjectConfigurationPlatforms) = postSolution
		{99E4FE6C-72B5-4D86-9AC5-17E39B240D65}.Debug|Any CPU.ActiveCfg = Debug|Any CPU
		{99E4FE6C-72B5-4D86-9AC5-17E39B240D65}.Debug|Any CPU.Build.0 = Debug|Any CPU
		{99E4FE6C-72B5-4D86-9AC5-17E39B240D65}.Release|Any CPU.ActiveCfg = Release|Any CPU
		{99E4FE6C-72B5-4D86-9AC5-17E39B240D65}.Release|Any CPU.Build.0 = Release|Any CPU
	EndGlobalSection
	GlobalSection(SolutionProperties) = preSolution
		HideSolutionNode = FALSE
	EndGlobalSection
	GlobalSection(ExtensibilityGlobals) = postSolution
		SolutionGuid = {D4FC1E61-DC0E-4FE7-9E86-740949437AC0}
	EndGlobalSection
EndGlobal
